
Microsoft Visual Studio Solution File, Format Version 12.00
# Visual Studio Version 16
VisualStudioVersion = 16.0.30413.136
MinimumVisualStudioVersion = 10.0.40219.1
Project("{FAE04EC0-301F-11D3-BF4B-00C04F79EFBC}") = "Methods_Csharp", "Methods_Csharp.csproj", "{A058073E-64A6-411D-9819-46610EC9943E}"
EndProject
Global
	GlobalSection(SolutionConfigurationPlatforms) = preSolution
		Debug|Any CPU = Debug|Any CPU
		Release|Any CPU = Release|Any CPU
	EndGlobalSection
	GlobalSection(ProjectConfigurationPlatforms) = postSolution
		{A058073E-64A6-411D-9819-46610EC9943E}.Debug|Any CPU.ActiveCfg = Release|Any CPU
		{A058073E-64A6-411D-9819-46610EC9943E}.Release|Any CPU.ActiveCfg = Release|Any CPU
		{A058073E-64A6-411D-9819-46610EC9943E}.Release|Any CPU.Build.0 = Release|Any CPU
	EndGlobalSection
	GlobalSection(SolutionProperties) = preSolution
		HideSolutionNode = FALSE
	EndGlobalSection
	GlobalSection(ExtensibilityGlobals) = postSolution
		SolutionGuid = {51A165EE-6D72-4F30-8E3E-011D18DA615E}
	EndGlobalSection
EndGlobal
