
Microsoft Visual Studio Solution File, Format Version 12.00
# Visual Studio Version 16
VisualStudioVersion = 16.0.30413.136
MinimumVisualStudioVersion = 10.0.40219.1
Project("{FAE04EC0-301F-11D3-BF4B-00C04F79EFBC}") = "If_Else_ConditionCSharp", "If_Else_ConditionCSharp.csproj", "{AE5283CF-D17A-4EF8-A5F5-2E70285FF83A}"
EndProject
Global
	GlobalSection(SolutionConfigurationPlatforms) = preSolution
		Debug|Any CPU = Debug|Any CPU
		Release|Any CPU = Release|Any CPU
	EndGlobalSection
	GlobalSection(ProjectConfigurationPlatforms) = postSolution
		{AE5283CF-D17A-4EF8-A5F5-2E70285FF83A}.Debug|Any CPU.ActiveCfg = Debug|Any CPU
		{AE5283CF-D17A-4EF8-A5F5-2E70285FF83A}.Debug|Any CPU.Build.0 = Debug|Any CPU
		{AE5283CF-D17A-4EF8-A5F5-2E70285FF83A}.Release|Any CPU.ActiveCfg = Release|Any CPU
		{AE5283CF-D17A-4EF8-A5F5-2E70285FF83A}.Release|Any CPU.Build.0 = Release|Any CPU
	EndGlobalSection
	GlobalSection(SolutionProperties) = preSolution
		HideSolutionNode = FALSE
	EndGlobalSection
	GlobalSection(ExtensibilityGlobals) = postSolution
		SolutionGuid = {9BBFDD9D-DF33-4624-87C8-528A79A22D43}
	EndGlobalSection
EndGlobal
